<?xml version="1.0" encoding="utf-8"?>
<Project ToolsVersion="4.0" xmlns="http://schemas.microsoft.com/developer/msbuild/2003">
  <ItemGroup>
    <Filter Include="Source Files">
      <UniqueIdentifier>{4FC737F1-C7A5-4376-A066-2A32D752A2FF}</UniqueIdentifier>
      <Extensions>cpp;c;cc;cxx;def;odl;idl;hpj;bat;asm;asmx</Extensions>
    </Filter>
    <Filter Include="Header Files">
      <UniqueIdentifier>{93995380-89BD-4b04-88EB-625FBE52EBFB}</UniqueIdentifier>
      <Extensions>h;hh;hpp;hxx;hm;inl;inc;xsd</Extensions>
    </Filter>
    <Filter Include="Resource Files">
      <UniqueIdentifier>{67DA6AB6-F800-4c08-8B7A-83BB121AAD01}</UniqueIdentifier>
      <Extensions>rc;ico;cur;bmp;dlg;rc2;rct;bin;rgs;gif;jpg;jpeg;jpe;resx;tiff;tif;png;wav;mfcribbon-ms</Extensions>
    </Filter>
    <Filter Include="Resource Files">
      <UniqueIdentifier>{D9D6E242-F8AF-46E4-B9FD-80ECBC20BA3E}</UniqueIdentifier>
      <Extensions>qrc;*</Extensions>
      <ParseFiles>false</ParseFiles>
    </Filter>
    <Filter Include="Source Files\FactoryElements">
      <UniqueIdentifier>{9bf520ba-caec-43da-be0c-82ad8cf3f5ad}</UniqueIdentifier>
    </Filter>
    <Filter Include="Source Files\Factory">
      <UniqueIdentifier>{1ffb8957-f519-4e64-aa0c-5359eabcc17d}</UniqueIdentifier>
    </Filter>
    <Filter Include="Header Files\FactoryElement">
      <UniqueIdentifier>{0cb162c3-4be0-45e1-a02f-04cec004e579}</UniqueIdentifier>
    </Filter>
  </ItemGroup>
  <ItemGroup>
    <ClInclude Include="onenotelib_global.h">
      <Filter>Header Files</Filter>
    </ClInclude>
    <ClCompile Include="OneNoteLib.cpp">
      <Filter>Source Files</Filter>
    </ClCompile>
    <ClInclude Include="OneNoteLib.h">
      <Filter>Header Files</Filter>
    </ClInclude>
    <ClInclude Include="OneNoteFactory.h">
      <Filter>Source Files\Factory</Filter>
    </ClInclude>
    <ClInclude Include="Headline.h">
      <Filter>Header Files\FactoryElement</Filter>
    </ClInclude>
    <ClInclude Include="HtmlElement.h">
      <Filter>Header Files\FactoryElement</Filter>
    </ClInclude>
    <ClInclude Include="Image.h">
      <Filter>Header Files\FactoryElement</Filter>
    </ClInclude>
    <ClInclude Include="Text.h">
      <Filter>Header Files\FactoryElement</Filter>
    </ClInclude>
    <ClInclude Include="ImportantText.h">
      <Filter>Header Files\FactoryElement</Filter>
    </ClInclude>
  </ItemGroup>
  <ItemGroup>
    <ClCompile Include="OneNoteFactory.cpp">
      <Filter>Source Files\Factory</Filter>
    </ClCompile>
    <ClCompile Include="Text.cpp">
      <Filter>Source Files\FactoryElements</Filter>
    </ClCompile>
    <ClCompile Include="HtmlElement.cpp">
      <Filter>Source Files\FactoryElements</Filter>
    </ClCompile>
    <ClCompile Include="Image.cpp">
      <Filter>Source Files\FactoryElements</Filter>
    </ClCompile>
    <ClCompile Include="Headline.cpp">
      <Filter>Source Files\FactoryElements</Filter>
    </ClCompile>
    <ClCompile Include="ImportantText.cpp">
      <Filter>Source Files\FactoryElements</Filter>
    </ClCompile>
  </ItemGroup>
</Project>